// !$*UTF8*$!
{
	archiveVersion = 1;
	classes = {
	};
	objectVersion = 50;
	objects = {

/* Begin PBXBuildFile section */
		533268D3290ADC2D00BDDA52 /* DiffableViewDataSource.swift in Sources */ = {isa = PBXBuildFile; fileRef = 533268D2290ADC2D00BDDA52 /* DiffableViewDataSource.swift */; };
		533268D4290ADC2D00BDDA52 /* DiffableViewDataSource.swift in Sources */ = {isa = PBXBuildFile; fileRef = 533268D2290ADC2D00BDDA52 /* DiffableViewDataSource.swift */; };
		533268D5290ADC2D00BDDA52 /* DiffableViewDataSource.swift in Sources */ = {isa = PBXBuildFile; fileRef = 533268D2290ADC2D00BDDA52 /* DiffableViewDataSource.swift */; };
		5343D1652913CD2700CEE362 /* CellType.swift in Sources */ = {isa = PBXBuildFile; fileRef = 5343D1642913CD2700CEE362 /* CellType.swift */; };
		5343D16C2913CE9400CEE362 /* RegistrationViewModel + Extension.swift in Sources */ = {isa = PBXBuildFile; fileRef = 5343D16B2913CE9400CEE362 /* RegistrationViewModel + Extension.swift */; };
		5347EEB62907E155007A8AA1 /* AppDelegate.swift in Sources */ = {isa = PBXBuildFile; fileRef = 5347EEB52907E155007A8AA1 /* AppDelegate.swift */; };
		5347EEB82907E155007A8AA1 /* SceneDelegate.swift in Sources */ = {isa = PBXBuildFile; fileRef = 5347EEB72907E155007A8AA1 /* SceneDelegate.swift */; };
		5347EEBA2907E155007A8AA1 /* RegistrationViewController.swift in Sources */ = {isa = PBXBuildFile; fileRef = 5347EEB92907E155007A8AA1 /* RegistrationViewController.swift */; };
		5347EEBD2907E155007A8AA1 /* Main.storyboard in Resources */ = {isa = PBXBuildFile; fileRef = 5347EEBB2907E155007A8AA1 /* Main.storyboard */; };
		5347EEC02907E155007A8AA1 /* AlefTestProblem.xcdatamodeld in Sources */ = {isa = PBXBuildFile; fileRef = 5347EEBE2907E155007A8AA1 /* AlefTestProblem.xcdatamodeld */; };
		5347EEC22907E15E007A8AA1 /* Assets.xcassets in Resources */ = {isa = PBXBuildFile; fileRef = 5347EEC12907E15E007A8AA1 /* Assets.xcassets */; };
		5347EEC52907E15E007A8AA1 /* LaunchScreen.storyboard in Resources */ = {isa = PBXBuildFile; fileRef = 5347EEC32907E15E007A8AA1 /* LaunchScreen.storyboard */; };
		5347EED02907E15F007A8AA1 /* AlefTestProblemTests.swift in Sources */ = {isa = PBXBuildFile; fileRef = 5347EECF2907E15F007A8AA1 /* AlefTestProblemTests.swift */; };
		5347EEDB2907E15F007A8AA1 /* AlefTestProblemUITests.swift in Sources */ = {isa = PBXBuildFile; fileRef = 5347EEDA2907E15F007A8AA1 /* AlefTestProblemUITests.swift */; };
		5347EF4429093F20007A8AA1 /* LabelTableViewCell.swift in Sources */ = {isa = PBXBuildFile; fileRef = 5347EF4229093F20007A8AA1 /* LabelTableViewCell.swift */; };
		5347EF4529093F20007A8AA1 /* LabelTableViewCell.swift in Sources */ = {isa = PBXBuildFile; fileRef = 5347EF4229093F20007A8AA1 /* LabelTableViewCell.swift */; };
		5347EF4629093F20007A8AA1 /* LabelTableViewCell.swift in Sources */ = {isa = PBXBuildFile; fileRef = 5347EF4229093F20007A8AA1 /* LabelTableViewCell.swift */; };
		5347EF4729093F20007A8AA1 /* LabelTableViewCell.xib in Resources */ = {isa = PBXBuildFile; fileRef = 5347EF4329093F20007A8AA1 /* LabelTableViewCell.xib */; };
		5347EF4829093F20007A8AA1 /* LabelTableViewCell.xib in Resources */ = {isa = PBXBuildFile; fileRef = 5347EF4329093F20007A8AA1 /* LabelTableViewCell.xib */; };
		5347EF4929093F20007A8AA1 /* LabelTableViewCell.xib in Resources */ = {isa = PBXBuildFile; fileRef = 5347EF4329093F20007A8AA1 /* LabelTableViewCell.xib */; };
		534BC1B1290949B200F22B43 /* RegisterTableView.swift in Sources */ = {isa = PBXBuildFile; fileRef = 534BC1B0290949B200F22B43 /* RegisterTableView.swift */; };
		534BC1B2290949B200F22B43 /* RegisterTableView.swift in Sources */ = {isa = PBXBuildFile; fileRef = 534BC1B0290949B200F22B43 /* RegisterTableView.swift */; };
		534BC1B3290949B200F22B43 /* RegisterTableView.swift in Sources */ = {isa = PBXBuildFile; fileRef = 534BC1B0290949B200F22B43 /* RegisterTableView.swift */; };
		534BC1B8290949D000F22B43 /* RegisterTableView.xib in Resources */ = {isa = PBXBuildFile; fileRef = 534BC1B7290949D000F22B43 /* RegisterTableView.xib */; };
		534BC1B9290949D000F22B43 /* RegisterTableView.xib in Resources */ = {isa = PBXBuildFile; fileRef = 534BC1B7290949D000F22B43 /* RegisterTableView.xib */; };
		534BC1BA290949D000F22B43 /* RegisterTableView.xib in Resources */ = {isa = PBXBuildFile; fileRef = 534BC1B7290949D000F22B43 /* RegisterTableView.xib */; };
		534BC1C0290950EA00F22B43 /* TextFieldTableViewCell.swift in Sources */ = {isa = PBXBuildFile; fileRef = 534BC1BE290950EA00F22B43 /* TextFieldTableViewCell.swift */; };
		534BC1C1290950EA00F22B43 /* TextFieldTableViewCell.swift in Sources */ = {isa = PBXBuildFile; fileRef = 534BC1BE290950EA00F22B43 /* TextFieldTableViewCell.swift */; };
		534BC1C2290950EA00F22B43 /* TextFieldTableViewCell.swift in Sources */ = {isa = PBXBuildFile; fileRef = 534BC1BE290950EA00F22B43 /* TextFieldTableViewCell.swift */; };
		534BC1C3290950EA00F22B43 /* TextFieldTableViewCell.xib in Resources */ = {isa = PBXBuildFile; fileRef = 534BC1BF290950EA00F22B43 /* TextFieldTableViewCell.xib */; };
		534BC1C4290950EA00F22B43 /* TextFieldTableViewCell.xib in Resources */ = {isa = PBXBuildFile; fileRef = 534BC1BF290950EA00F22B43 /* TextFieldTableViewCell.xib */; };
		534BC1C5290950EA00F22B43 /* TextFieldTableViewCell.xib in Resources */ = {isa = PBXBuildFile; fileRef = 534BC1BF290950EA00F22B43 /* TextFieldTableViewCell.xib */; };
		534BC1D12909616700F22B43 /* RegistrationViewModel.swift in Sources */ = {isa = PBXBuildFile; fileRef = 534BC1D02909616700F22B43 /* RegistrationViewModel.swift */; };
		534BC1D22909616700F22B43 /* RegistrationViewModel.swift in Sources */ = {isa = PBXBuildFile; fileRef = 534BC1D02909616700F22B43 /* RegistrationViewModel.swift */; };
		534BC1D32909616700F22B43 /* RegistrationViewModel.swift in Sources */ = {isa = PBXBuildFile; fileRef = 534BC1D02909616700F22B43 /* RegistrationViewModel.swift */; };
		5370E108290FD4EF00AADBF5 /* LabelButtonTableViewCell.swift in Sources */ = {isa = PBXBuildFile; fileRef = 5370E106290FD4EF00AADBF5 /* LabelButtonTableViewCell.swift */; };
		5370E109290FD4EF00AADBF5 /* LabelButtonTableViewCell.swift in Sources */ = {isa = PBXBuildFile; fileRef = 5370E106290FD4EF00AADBF5 /* LabelButtonTableViewCell.swift */; };
		5370E10A290FD4EF00AADBF5 /* LabelButtonTableViewCell.swift in Sources */ = {isa = PBXBuildFile; fileRef = 5370E106290FD4EF00AADBF5 /* LabelButtonTableViewCell.swift */; };
		5370E10B290FD4EF00AADBF5 /* LabelButtonTableViewCell.xib in Resources */ = {isa = PBXBuildFile; fileRef = 5370E107290FD4EF00AADBF5 /* LabelButtonTableViewCell.xib */; };
		5370E10C290FD4EF00AADBF5 /* LabelButtonTableViewCell.xib in Resources */ = {isa = PBXBuildFile; fileRef = 5370E107290FD4EF00AADBF5 /* LabelButtonTableViewCell.xib */; };
		5370E10D290FD4EF00AADBF5 /* LabelButtonTableViewCell.xib in Resources */ = {isa = PBXBuildFile; fileRef = 5370E107290FD4EF00AADBF5 /* LabelButtonTableViewCell.xib */; };
		5370E117290FDEFF00AADBF5 /* TextFieldButtonTableViewCell.swift in Sources */ = {isa = PBXBuildFile; fileRef = 5370E115290FDEFF00AADBF5 /* TextFieldButtonTableViewCell.swift */; };
		5370E118290FDEFF00AADBF5 /* TextFieldButtonTableViewCell.swift in Sources */ = {isa = PBXBuildFile; fileRef = 5370E115290FDEFF00AADBF5 /* TextFieldButtonTableViewCell.swift */; };
		5370E119290FDEFF00AADBF5 /* TextFieldButtonTableViewCell.swift in Sources */ = {isa = PBXBuildFile; fileRef = 5370E115290FDEFF00AADBF5 /* TextFieldButtonTableViewCell.swift */; };
		5370E11A290FDEFF00AADBF5 /* TextFieldButtonTableViewCell.xib in Resources */ = {isa = PBXBuildFile; fileRef = 5370E116290FDEFF00AADBF5 /* TextFieldButtonTableViewCell.xib */; };
		5370E11B290FDEFF00AADBF5 /* TextFieldButtonTableViewCell.xib in Resources */ = {isa = PBXBuildFile; fileRef = 5370E116290FDEFF00AADBF5 /* TextFieldButtonTableViewCell.xib */; };
		5370E11C290FDEFF00AADBF5 /* TextFieldButtonTableViewCell.xib in Resources */ = {isa = PBXBuildFile; fileRef = 5370E116290FDEFF00AADBF5 /* TextFieldButtonTableViewCell.xib */; };
		53ADC1C629129AF800627499 /* TextFieldHalfTableViewCell.swift in Sources */ = {isa = PBXBuildFile; fileRef = 53ADC1C429129AF800627499 /* TextFieldHalfTableViewCell.swift */; };
		53ADC1C729129AF800627499 /* TextFieldHalfTableViewCell.swift in Sources */ = {isa = PBXBuildFile; fileRef = 53ADC1C429129AF800627499 /* TextFieldHalfTableViewCell.swift */; };
		53ADC1C829129AF800627499 /* TextFieldHalfTableViewCell.swift in Sources */ = {isa = PBXBuildFile; fileRef = 53ADC1C429129AF800627499 /* TextFieldHalfTableViewCell.swift */; };
		53ADC1C929129AF800627499 /* TextFieldHalfTableViewCell.xib in Resources */ = {isa = PBXBuildFile; fileRef = 53ADC1C529129AF800627499 /* TextFieldHalfTableViewCell.xib */; };
		53ADC1CA29129AF800627499 /* TextFieldHalfTableViewCell.xib in Resources */ = {isa = PBXBuildFile; fileRef = 53ADC1C529129AF800627499 /* TextFieldHalfTableViewCell.xib */; };
		53ADC1CB29129AF800627499 /* TextFieldHalfTableViewCell.xib in Resources */ = {isa = PBXBuildFile; fileRef = 53ADC1C529129AF800627499 /* TextFieldHalfTableViewCell.xib */; };
		53F2F984290FF32B009F1122 /* SeparatorTableViewCell.swift in Sources */ = {isa = PBXBuildFile; fileRef = 53F2F982290FF32B009F1122 /* SeparatorTableViewCell.swift */; };
		53F2F985290FF32B009F1122 /* SeparatorTableViewCell.swift in Sources */ = {isa = PBXBuildFile; fileRef = 53F2F982290FF32B009F1122 /* SeparatorTableViewCell.swift */; };
		53F2F986290FF32B009F1122 /* SeparatorTableViewCell.swift in Sources */ = {isa = PBXBuildFile; fileRef = 53F2F982290FF32B009F1122 /* SeparatorTableViewCell.swift */; };
		53F2F987290FF32B009F1122 /* SeparatorTableViewCell.xib in Resources */ = {isa = PBXBuildFile; fileRef = 53F2F983290FF32B009F1122 /* SeparatorTableViewCell.xib */; };
		53F2F988290FF32B009F1122 /* SeparatorTableViewCell.xib in Resources */ = {isa = PBXBuildFile; fileRef = 53F2F983290FF32B009F1122 /* SeparatorTableViewCell.xib */; };
		53F2F989290FF32B009F1122 /* SeparatorTableViewCell.xib in Resources */ = {isa = PBXBuildFile; fileRef = 53F2F983290FF32B009F1122 /* SeparatorTableViewCell.xib */; };
		53F2F990290FF75F009F1122 /* ButtonTableViewCell.swift in Sources */ = {isa = PBXBuildFile; fileRef = 53F2F98E290FF75F009F1122 /* ButtonTableViewCell.swift */; };
		53F2F991290FF75F009F1122 /* ButtonTableViewCell.swift in Sources */ = {isa = PBXBuildFile; fileRef = 53F2F98E290FF75F009F1122 /* ButtonTableViewCell.swift */; };
		53F2F992290FF75F009F1122 /* ButtonTableViewCell.swift in Sources */ = {isa = PBXBuildFile; fileRef = 53F2F98E290FF75F009F1122 /* ButtonTableViewCell.swift */; };
		53F2F993290FF75F009F1122 /* ButtonTableViewCell.xib in Resources */ = {isa = PBXBuildFile; fileRef = 53F2F98F290FF75F009F1122 /* ButtonTableViewCell.xib */; };
		53F2F994290FF75F009F1122 /* ButtonTableViewCell.xib in Resources */ = {isa = PBXBuildFile; fileRef = 53F2F98F290FF75F009F1122 /* ButtonTableViewCell.xib */; };
		53F2F995290FF75F009F1122 /* ButtonTableViewCell.xib in Resources */ = {isa = PBXBuildFile; fileRef = 53F2F98F290FF75F009F1122 /* ButtonTableViewCell.xib */; };
/* End PBXBuildFile section */

/* Begin PBXContainerItemProxy section */
		5347EECC2907E15F007A8AA1 /* PBXContainerItemProxy */ = {
			isa = PBXContainerItemProxy;
			containerPortal = 5347EEAA2907E155007A8AA1 /* Project object */;
			proxyType = 1;
			remoteGlobalIDString = 5347EEB12907E155007A8AA1;
			remoteInfo = AlefTestProblem;
		};
		5347EED72907E15F007A8AA1 /* PBXContainerItemProxy */ = {
			isa = PBXContainerItemProxy;
			containerPortal = 5347EEAA2907E155007A8AA1 /* Project object */;
			proxyType = 1;
			remoteGlobalIDString = 5347EEB12907E155007A8AA1;
			remoteInfo = AlefTestProblem;
		};
/* End PBXContainerItemProxy section */

/* Begin PBXFileReference section */
		533268D2290ADC2D00BDDA52 /* DiffableViewDataSource.swift */ = {isa = PBXFileReference; lastKnownFileType = sourcecode.swift; path = DiffableViewDataSource.swift; sourceTree = "<group>"; };
		5343D1642913CD2700CEE362 /* CellType.swift */ = {isa = PBXFileReference; lastKnownFileType = sourcecode.swift; path = CellType.swift; sourceTree = "<group>"; };
		5343D16B2913CE9400CEE362 /* RegistrationViewModel + Extension.swift */ = {isa = PBXFileReference; lastKnownFileType = sourcecode.swift; path = "RegistrationViewModel + Extension.swift"; sourceTree = "<group>"; };
		5347EEB22907E155007A8AA1 /* AlefTestProblem.app */ = {isa = PBXFileReference; explicitFileType = wrapper.application; includeInIndex = 0; path = AlefTestProblem.app; sourceTree = BUILT_PRODUCTS_DIR; };
		5347EEB52907E155007A8AA1 /* AppDelegate.swift */ = {isa = PBXFileReference; lastKnownFileType = sourcecode.swift; path = AppDelegate.swift; sourceTree = "<group>"; };
		5347EEB72907E155007A8AA1 /* SceneDelegate.swift */ = {isa = PBXFileReference; lastKnownFileType = sourcecode.swift; path = SceneDelegate.swift; sourceTree = "<group>"; };
		5347EEB92907E155007A8AA1 /* RegistrationViewController.swift */ = {isa = PBXFileReference; lastKnownFileType = sourcecode.swift; path = RegistrationViewController.swift; sourceTree = "<group>"; };
		5347EEBC2907E155007A8AA1 /* Base */ = {isa = PBXFileReference; lastKnownFileType = file.storyboard; name = Base; path = Base.lproj/Main.storyboard; sourceTree = "<group>"; };
		5347EEBF2907E155007A8AA1 /* AlefTestProblem.xcdatamodel */ = {isa = PBXFileReference; lastKnownFileType = wrapper.xcdatamodel; path = AlefTestProblem.xcdatamodel; sourceTree = "<group>"; };
		5347EEC12907E15E007A8AA1 /* Assets.xcassets */ = {isa = PBXFileReference; lastKnownFileType = folder.assetcatalog; path = Assets.xcassets; sourceTree = "<group>"; };
		5347EEC42907E15E007A8AA1 /* Base */ = {isa = PBXFileReference; lastKnownFileType = file.storyboard; name = Base; path = Base.lproj/LaunchScreen.storyboard; sourceTree = "<group>"; };
		5347EEC62907E15E007A8AA1 /* Info.plist */ = {isa = PBXFileReference; lastKnownFileType = text.plist.xml; path = Info.plist; sourceTree = "<group>"; };
		5347EECB2907E15F007A8AA1 /* AlefTestProblemTests.xctest */ = {isa = PBXFileReference; explicitFileType = wrapper.cfbundle; includeInIndex = 0; path = AlefTestProblemTests.xctest; sourceTree = BUILT_PRODUCTS_DIR; };
		5347EECF2907E15F007A8AA1 /* AlefTestProblemTests.swift */ = {isa = PBXFileReference; lastKnownFileType = sourcecode.swift; path = AlefTestProblemTests.swift; sourceTree = "<group>"; };
		5347EED12907E15F007A8AA1 /* Info.plist */ = {isa = PBXFileReference; lastKnownFileType = text.plist.xml; path = Info.plist; sourceTree = "<group>"; };
		5347EED62907E15F007A8AA1 /* AlefTestProblemUITests.xctest */ = {isa = PBXFileReference; explicitFileType = wrapper.cfbundle; includeInIndex = 0; path = AlefTestProblemUITests.xctest; sourceTree = BUILT_PRODUCTS_DIR; };
		5347EEDA2907E15F007A8AA1 /* AlefTestProblemUITests.swift */ = {isa = PBXFileReference; lastKnownFileType = sourcecode.swift; path = AlefTestProblemUITests.swift; sourceTree = "<group>"; };
		5347EEDC2907E15F007A8AA1 /* Info.plist */ = {isa = PBXFileReference; lastKnownFileType = text.plist.xml; path = Info.plist; sourceTree = "<group>"; };
		5347EF4229093F20007A8AA1 /* LabelTableViewCell.swift */ = {isa = PBXFileReference; lastKnownFileType = sourcecode.swift; path = LabelTableViewCell.swift; sourceTree = "<group>"; };
		5347EF4329093F20007A8AA1 /* LabelTableViewCell.xib */ = {isa = PBXFileReference; lastKnownFileType = file.xib; path = LabelTableViewCell.xib; sourceTree = "<group>"; };
		534BC1B0290949B200F22B43 /* RegisterTableView.swift */ = {isa = PBXFileReference; lastKnownFileType = sourcecode.swift; path = RegisterTableView.swift; sourceTree = "<group>"; };
		534BC1B7290949D000F22B43 /* RegisterTableView.xib */ = {isa = PBXFileReference; lastKnownFileType = file.xib; path = RegisterTableView.xib; sourceTree = "<group>"; };
		534BC1BE290950EA00F22B43 /* TextFieldTableViewCell.swift */ = {isa = PBXFileReference; lastKnownFileType = sourcecode.swift; path = TextFieldTableViewCell.swift; sourceTree = "<group>"; };
		534BC1BF290950EA00F22B43 /* TextFieldTableViewCell.xib */ = {isa = PBXFileReference; lastKnownFileType = file.xib; path = TextFieldTableViewCell.xib; sourceTree = "<group>"; };
		534BC1D02909616700F22B43 /* RegistrationViewModel.swift */ = {isa = PBXFileReference; lastKnownFileType = sourcecode.swift; path = RegistrationViewModel.swift; sourceTree = "<group>"; };
		5370E106290FD4EF00AADBF5 /* LabelButtonTableViewCell.swift */ = {isa = PBXFileReference; lastKnownFileType = sourcecode.swift; path = LabelButtonTableViewCell.swift; sourceTree = "<group>"; };
		5370E107290FD4EF00AADBF5 /* LabelButtonTableViewCell.xib */ = {isa = PBXFileReference; lastKnownFileType = file.xib; path = LabelButtonTableViewCell.xib; sourceTree = "<group>"; };
		5370E115290FDEFF00AADBF5 /* TextFieldButtonTableViewCell.swift */ = {isa = PBXFileReference; lastKnownFileType = sourcecode.swift; path = TextFieldButtonTableViewCell.swift; sourceTree = "<group>"; };
		5370E116290FDEFF00AADBF5 /* TextFieldButtonTableViewCell.xib */ = {isa = PBXFileReference; lastKnownFileType = file.xib; path = TextFieldButtonTableViewCell.xib; sourceTree = "<group>"; };
		53ADC1C429129AF800627499 /* TextFieldHalfTableViewCell.swift */ = {isa = PBXFileReference; lastKnownFileType = sourcecode.swift; path = TextFieldHalfTableViewCell.swift; sourceTree = "<group>"; };
		53ADC1C529129AF800627499 /* TextFieldHalfTableViewCell.xib */ = {isa = PBXFileReference; lastKnownFileType = file.xib; path = TextFieldHalfTableViewCell.xib; sourceTree = "<group>"; };
		53F2F982290FF32B009F1122 /* SeparatorTableViewCell.swift */ = {isa = PBXFileReference; lastKnownFileType = sourcecode.swift; path = SeparatorTableViewCell.swift; sourceTree = "<group>"; };
		53F2F983290FF32B009F1122 /* SeparatorTableViewCell.xib */ = {isa = PBXFileReference; lastKnownFileType = file.xib; path = SeparatorTableViewCell.xib; sourceTree = "<group>"; };
		53F2F98E290FF75F009F1122 /* ButtonTableViewCell.swift */ = {isa = PBXFileReference; lastKnownFileType = sourcecode.swift; path = ButtonTableViewCell.swift; sourceTree = "<group>"; };
		53F2F98F290FF75F009F1122 /* ButtonTableViewCell.xib */ = {isa = PBXFileReference; lastKnownFileType = file.xib; path = ButtonTableViewCell.xib; sourceTree = "<group>"; };
/* End PBXFileReference section */

/* Begin PBXFrameworksBuildPhase section */
		5347EEAF2907E155007A8AA1 /* Frameworks */ = {
			isa = PBXFrameworksBuildPhase;
			buildActionMask = 2147483647;
			files = (
			);
			runOnlyForDeploymentPostprocessing = 0;
		};
		5347EEC82907E15F007A8AA1 /* Frameworks */ = {
			isa = PBXFrameworksBuildPhase;
			buildActionMask = 2147483647;
			files = (
			);
			runOnlyForDeploymentPostprocessing = 0;
		};
		5347EED32907E15F007A8AA1 /* Frameworks */ = {
			isa = PBXFrameworksBuildPhase;
			buildActionMask = 2147483647;
			files = (
			);
			runOnlyForDeploymentPostprocessing = 0;
		};
/* End PBXFrameworksBuildPhase section */

/* Begin PBXGroup section */
		533268D0290ADC1200BDDA52 /* Model */ = {
			isa = PBXGroup;
			children = (
				5343D1632913CD1C00CEE362 /* CellType */,
				533268D1290ADC1900BDDA52 /* DiffableDataSource */,
			);
			path = Model;
			sourceTree = "<group>";
		};
		533268D1290ADC1900BDDA52 /* DiffableDataSource */ = {
			isa = PBXGroup;
			children = (
				533268D2290ADC2D00BDDA52 /* DiffableViewDataSource.swift */,
			);
			path = DiffableDataSource;
			sourceTree = "<group>";
		};
		5343D1632913CD1C00CEE362 /* CellType */ = {
			isa = PBXGroup;
			children = (
				5343D1642913CD2700CEE362 /* CellType.swift */,
			);
			path = CellType;
			sourceTree = "<group>";
		};
		5347EEA92907E155007A8AA1 = {
			isa = PBXGroup;
			children = (
				5347EEB42907E155007A8AA1 /* AlefTestProblem */,
				5347EECE2907E15F007A8AA1 /* AlefTestProblemTests */,
				5347EED92907E15F007A8AA1 /* AlefTestProblemUITests */,
				5347EEB32907E155007A8AA1 /* Products */,
			);
			sourceTree = "<group>";
		};
		5347EEB32907E155007A8AA1 /* Products */ = {
			isa = PBXGroup;
			children = (
				5347EEB22907E155007A8AA1 /* AlefTestProblem.app */,
				5347EECB2907E15F007A8AA1 /* AlefTestProblemTests.xctest */,
				5347EED62907E15F007A8AA1 /* AlefTestProblemUITests.xctest */,
			);
			name = Products;
			sourceTree = "<group>";
		};
		5347EEB42907E155007A8AA1 /* AlefTestProblem */ = {
			isa = PBXGroup;
			children = (
				534BC1D72909618800F22B43 /* Code */,
				534BC1DE290961CC00F22B43 /* Resources */,
			);
			path = AlefTestProblem;
			sourceTree = "<group>";
		};
		5347EECE2907E15F007A8AA1 /* AlefTestProblemTests */ = {
			isa = PBXGroup;
			children = (
				5347EECF2907E15F007A8AA1 /* AlefTestProblemTests.swift */,
				5347EED12907E15F007A8AA1 /* Info.plist */,
			);
			path = AlefTestProblemTests;
			sourceTree = "<group>";
		};
		5347EED92907E15F007A8AA1 /* AlefTestProblemUITests */ = {
			isa = PBXGroup;
			children = (
				5347EEDA2907E15F007A8AA1 /* AlefTestProblemUITests.swift */,
				5347EEDC2907E15F007A8AA1 /* Info.plist */,
			);
			path = AlefTestProblemUITests;
			sourceTree = "<group>";
		};
		534BC1CA29095FFA00F22B43 /* View */ = {
			isa = PBXGroup;
			children = (
				534BC1CC2909602500F22B43 /* RegisterTableView */,
				5370E124290FEB3500AADBF5 /* RegistrationViewController */,
				5370E103290FD4A300AADBF5 /* Cells */,
			);
			path = View;
			sourceTree = "<group>";
		};
		534BC1CB29095FFE00F22B43 /* ViewModel */ = {
			isa = PBXGroup;
			children = (
				534BC1D02909616700F22B43 /* RegistrationViewModel.swift */,
				5343D16B2913CE9400CEE362 /* RegistrationViewModel + Extension.swift */,
			);
			path = ViewModel;
			sourceTree = "<group>";
		};
		534BC1CC2909602500F22B43 /* RegisterTableView */ = {
			isa = PBXGroup;
			children = (
				534BC1B0290949B200F22B43 /* RegisterTableView.swift */,
				534BC1B7290949D000F22B43 /* RegisterTableView.xib */,
			);
			path = RegisterTableView;
			sourceTree = "<group>";
		};
		534BC1CE2909605200F22B43 /* LabelTableViewCell */ = {
			isa = PBXGroup;
			children = (
				5347EF4229093F20007A8AA1 /* LabelTableViewCell.swift */,
				5347EF4329093F20007A8AA1 /* LabelTableViewCell.xib */,
			);
			path = LabelTableViewCell;
			sourceTree = "<group>";
		};
		534BC1CF2909605A00F22B43 /* TextFieldTableViewCell */ = {
			isa = PBXGroup;
			children = (
				534BC1BE290950EA00F22B43 /* TextFieldTableViewCell.swift */,
				534BC1BF290950EA00F22B43 /* TextFieldTableViewCell.xib */,
			);
			path = TextFieldTableViewCell;
			sourceTree = "<group>";
		};
		534BC1D72909618800F22B43 /* Code */ = {
			isa = PBXGroup;
			children = (
				533268D0290ADC1200BDDA52 /* Model */,
				534BC1EE2909684000F22B43 /* App */,
				534BC1CB29095FFE00F22B43 /* ViewModel */,
				534BC1CA29095FFA00F22B43 /* View */,
			);
			path = Code;
			sourceTree = "<group>";
		};
		534BC1DE290961CC00F22B43 /* Resources */ = {
			isa = PBXGroup;
			children = (
				5347EEC12907E15E007A8AA1 /* Assets.xcassets */,
				5347EEBE2907E155007A8AA1 /* AlefTestProblem.xcdatamodeld */,
				5347EEC62907E15E007A8AA1 /* Info.plist */,
			);
			path = Resources;
			sourceTree = "<group>";
		};
		534BC1EE2909684000F22B43 /* App */ = {
			isa = PBXGroup;
			children = (
				5347EEB72907E155007A8AA1 /* SceneDelegate.swift */,
				5347EEB52907E155007A8AA1 /* AppDelegate.swift */,
			);
			path = App;
			sourceTree = "<group>";
		};
		5370E103290FD4A300AADBF5 /* Cells */ = {
			isa = PBXGroup;
			children = (
				53ADC1C329129AD100627499 /* TextFieldHalfCell */,
				53F2F98D290FF738009F1122 /* DeleteAllCell */,
				53F2F974290FF2BC009F1122 /* SeparatorTableViewCell */,
				534BC1CE2909605200F22B43 /* LabelTableViewCell */,
				534BC1CF2909605A00F22B43 /* TextFieldTableViewCell */,
				5370E114290FDED500AADBF5 /* TextfieldButtonTableViewCell */,
				5370E104290FD4B700AADBF5 /* LabelButtonTableViewCell */,
			);
			path = Cells;
			sourceTree = "<group>";
		};
		5370E104290FD4B700AADBF5 /* LabelButtonTableViewCell */ = {
			isa = PBXGroup;
			children = (
				5370E106290FD4EF00AADBF5 /* LabelButtonTableViewCell.swift */,
				5370E107290FD4EF00AADBF5 /* LabelButtonTableViewCell.xib */,
			);
			path = LabelButtonTableViewCell;
			sourceTree = "<group>";
		};
		5370E114290FDED500AADBF5 /* TextfieldButtonTableViewCell */ = {
			isa = PBXGroup;
			children = (
				5370E115290FDEFF00AADBF5 /* TextFieldButtonTableViewCell.swift */,
				5370E116290FDEFF00AADBF5 /* TextFieldButtonTableViewCell.xib */,
			);
			path = TextfieldButtonTableViewCell;
			sourceTree = "<group>";
		};
		5370E124290FEB3500AADBF5 /* RegistrationViewController */ = {
			isa = PBXGroup;
			children = (
				5347EEB92907E155007A8AA1 /* RegistrationViewController.swift */,
				5347EEC32907E15E007A8AA1 /* LaunchScreen.storyboard */,
				5347EEBB2907E155007A8AA1 /* Main.storyboard */,
			);
			path = RegistrationViewController;
			sourceTree = "<group>";
		};
		53ADC1C329129AD100627499 /* TextFieldHalfCell */ = {
			isa = PBXGroup;
			children = (
				53ADC1C429129AF800627499 /* TextFieldHalfTableViewCell.swift */,
				53ADC1C529129AF800627499 /* TextFieldHalfTableViewCell.xib */,
			);
			path = TextFieldHalfCell;
			sourceTree = "<group>";
		};
		53F2F974290FF2BC009F1122 /* SeparatorTableViewCell */ = {
			isa = PBXGroup;
			children = (
				53F2F982290FF32B009F1122 /* SeparatorTableViewCell.swift */,
				53F2F983290FF32B009F1122 /* SeparatorTableViewCell.xib */,
			);
			path = SeparatorTableViewCell;
			sourceTree = "<group>";
		};
		53F2F98D290FF738009F1122 /* DeleteAllCell */ = {
			isa = PBXGroup;
			children = (
				53F2F98E290FF75F009F1122 /* ButtonTableViewCell.swift */,
				53F2F98F290FF75F009F1122 /* ButtonTableViewCell.xib */,
			);
			path = DeleteAllCell;
			sourceTree = "<group>";
		};
/* End PBXGroup section */

/* Begin PBXNativeTarget section */
		5347EEB12907E155007A8AA1 /* AlefTestProblem */ = {
			isa = PBXNativeTarget;
			buildConfigurationList = 5347EEDF2907E15F007A8AA1 /* Build configuration list for PBXNativeTarget "AlefTestProblem" */;
			buildPhases = (
				5347EEAE2907E155007A8AA1 /* Sources */,
				5347EEAF2907E155007A8AA1 /* Frameworks */,
				5347EEB02907E155007A8AA1 /* Resources */,
			);
			buildRules = (
			);
			dependencies = (
			);
			name = AlefTestProblem;
			productName = AlefTestProblem;
			productReference = 5347EEB22907E155007A8AA1 /* AlefTestProblem.app */;
			productType = "com.apple.product-type.application";
		};
		5347EECA2907E15F007A8AA1 /* AlefTestProblemTests */ = {
			isa = PBXNativeTarget;
			buildConfigurationList = 5347EEE22907E15F007A8AA1 /* Build configuration list for PBXNativeTarget "AlefTestProblemTests" */;
			buildPhases = (
				5347EEC72907E15F007A8AA1 /* Sources */,
				5347EEC82907E15F007A8AA1 /* Frameworks */,
				5347EEC92907E15F007A8AA1 /* Resources */,
			);
			buildRules = (
			);
			dependencies = (
				5347EECD2907E15F007A8AA1 /* PBXTargetDependency */,
			);
			name = AlefTestProblemTests;
			productName = AlefTestProblemTests;
			productReference = 5347EECB2907E15F007A8AA1 /* AlefTestProblemTests.xctest */;
			productType = "com.apple.product-type.bundle.unit-test";
		};
		5347EED52907E15F007A8AA1 /* AlefTestProblemUITests */ = {
			isa = PBXNativeTarget;
			buildConfigurationList = 5347EEE52907E15F007A8AA1 /* Build configuration list for PBXNativeTarget "AlefTestProblemUITests" */;
			buildPhases = (
				5347EED22907E15F007A8AA1 /* Sources */,
				5347EED32907E15F007A8AA1 /* Frameworks */,
				5347EED42907E15F007A8AA1 /* Resources */,
			);
			buildRules = (
			);
			dependencies = (
				5347EED82907E15F007A8AA1 /* PBXTargetDependency */,
			);
			name = AlefTestProblemUITests;
			productName = AlefTestProblemUITests;
			productReference = 5347EED62907E15F007A8AA1 /* AlefTestProblemUITests.xctest */;
			productType = "com.apple.product-type.bundle.ui-testing";
		};
/* End PBXNativeTarget section */

/* Begin PBXProject section */
		5347EEAA2907E155007A8AA1 /* Project object */ = {
			isa = PBXProject;
			attributes = {
				LastSwiftUpdateCheck = 1240;
				LastUpgradeCheck = 1240;
				TargetAttributes = {
					5347EEB12907E155007A8AA1 = {
						CreatedOnToolsVersion = 12.4;
					};
					5347EECA2907E15F007A8AA1 = {
						CreatedOnToolsVersion = 12.4;
						TestTargetID = 5347EEB12907E155007A8AA1;
					};
					5347EED52907E15F007A8AA1 = {
						CreatedOnToolsVersion = 12.4;
						TestTargetID = 5347EEB12907E155007A8AA1;
					};
				};
			};
			buildConfigurationList = 5347EEAD2907E155007A8AA1 /* Build configuration list for PBXProject "AlefTestProblem" */;
			compatibilityVersion = "Xcode 9.3";
			developmentRegion = en;
			hasScannedForEncodings = 0;
			knownRegions = (
				en,
				Base,
			);
			mainGroup = 5347EEA92907E155007A8AA1;
			productRefGroup = 5347EEB32907E155007A8AA1 /* Products */;
			projectDirPath = "";
			projectRoot = "";
			targets = (
				5347EEB12907E155007A8AA1 /* AlefTestProblem */,
				5347EECA2907E15F007A8AA1 /* AlefTestProblemTests */,
				5347EED52907E15F007A8AA1 /* AlefTestProblemUITests */,
			);
		};
/* End PBXProject section */

/* Begin PBXResourcesBuildPhase section */
		5347EEB02907E155007A8AA1 /* Resources */ = {
			isa = PBXResourcesBuildPhase;
			buildActionMask = 2147483647;
			files = (
				53F2F993290FF75F009F1122 /* ButtonTableViewCell.xib in Resources */,
				5347EF4729093F20007A8AA1 /* LabelTableViewCell.xib in Resources */,
				534BC1C3290950EA00F22B43 /* TextFieldTableViewCell.xib in Resources */,
				5370E11A290FDEFF00AADBF5 /* TextFieldButtonTableViewCell.xib in Resources */,
				5370E10B290FD4EF00AADBF5 /* LabelButtonTableViewCell.xib in Resources */,
				5347EEC52907E15E007A8AA1 /* LaunchScreen.storyboard in Resources */,
				5347EEC22907E15E007A8AA1 /* Assets.xcassets in Resources */,
				53F2F987290FF32B009F1122 /* SeparatorTableViewCell.xib in Resources */,
				5347EEBD2907E155007A8AA1 /* Main.storyboard in Resources */,
				534BC1B8290949D000F22B43 /* RegisterTableView.xib in Resources */,
				53ADC1C929129AF800627499 /* TextFieldHalfTableViewCell.xib in Resources */,
			);
			runOnlyForDeploymentPostprocessing = 0;
		};
		5347EEC92907E15F007A8AA1 /* Resources */ = {
			isa = PBXResourcesBuildPhase;
			buildActionMask = 2147483647;
			files = (
				5370E10C290FD4EF00AADBF5 /* LabelButtonTableViewCell.xib in Resources */,
				534BC1B9290949D000F22B43 /* RegisterTableView.xib in Resources */,
				53ADC1CA29129AF800627499 /* TextFieldHalfTableViewCell.xib in Resources */,
				53F2F994290FF75F009F1122 /* ButtonTableViewCell.xib in Resources */,
				534BC1C4290950EA00F22B43 /* TextFieldTableViewCell.xib in Resources */,
				53F2F988290FF32B009F1122 /* SeparatorTableViewCell.xib in Resources */,
				5370E11B290FDEFF00AADBF5 /* TextFieldButtonTableViewCell.xib in Resources */,
				5347EF4829093F20007A8AA1 /* LabelTableViewCell.xib in Resources */,
			);
			runOnlyForDeploymentPostprocessing = 0;
		};
		5347EED42907E15F007A8AA1 /* Resources */ = {
			isa = PBXResourcesBuildPhase;
			buildActionMask = 2147483647;
			files = (
				5370E10D290FD4EF00AADBF5 /* LabelButtonTableViewCell.xib in Resources */,
				534BC1BA290949D000F22B43 /* RegisterTableView.xib in Resources */,
				53ADC1CB29129AF800627499 /* TextFieldHalfTableViewCell.xib in Resources */,
				53F2F995290FF75F009F1122 /* ButtonTableViewCell.xib in Resources */,
				534BC1C5290950EA00F22B43 /* TextFieldTableViewCell.xib in Resources */,
				53F2F989290FF32B009F1122 /* SeparatorTableViewCell.xib in Resources */,
				5370E11C290FDEFF00AADBF5 /* TextFieldButtonTableViewCell.xib in Resources */,
				5347EF4929093F20007A8AA1 /* LabelTableViewCell.xib in Resources */,
			);
			runOnlyForDeploymentPostprocessing = 0;
		};
/* End PBXResourcesBuildPhase section */

/* Begin PBXSourcesBuildPhase section */
		5347EEAE2907E155007A8AA1 /* Sources */ = {
			isa = PBXSourcesBuildPhase;
			buildActionMask = 2147483647;
			files = (
				53F2F990290FF75F009F1122 /* ButtonTableViewCell.swift in Sources */,
				5343D16C2913CE9400CEE362 /* RegistrationViewModel + Extension.swift in Sources */,
				5343D1652913CD2700CEE362 /* CellType.swift in Sources */,
				534BC1B1290949B200F22B43 /* RegisterTableView.swift in Sources */,
				5347EEBA2907E155007A8AA1 /* RegistrationViewController.swift in Sources */,
				5370E117290FDEFF00AADBF5 /* TextFieldButtonTableViewCell.swift in Sources */,
				53F2F984290FF32B009F1122 /* SeparatorTableViewCell.swift in Sources */,
				5370E108290FD4EF00AADBF5 /* LabelButtonTableViewCell.swift in Sources */,
				533268D3290ADC2D00BDDA52 /* DiffableViewDataSource.swift in Sources */,
				534BC1C0290950EA00F22B43 /* TextFieldTableViewCell.swift in Sources */,
				53ADC1C629129AF800627499 /* TextFieldHalfTableViewCell.swift in Sources */,
				5347EEC02907E155007A8AA1 /* AlefTestProblem.xcdatamodeld in Sources */,
				5347EF4429093F20007A8AA1 /* LabelTableViewCell.swift in Sources */,
				534BC1D12909616700F22B43 /* RegistrationViewModel.swift in Sources */,
				5347EEB62907E155007A8AA1 /* AppDelegate.swift in Sources */,
				5347EEB82907E155007A8AA1 /* SceneDelegate.swift in Sources */,
			);
			runOnlyForDeploymentPostprocessing = 0;
		};
		5347EEC72907E15F007A8AA1 /* Sources */ = {
			isa = PBXSourcesBuildPhase;
			buildActionMask = 2147483647;
			files = (
				53F2F985290FF32B009F1122 /* SeparatorTableViewCell.swift in Sources */,
				5370E109290FD4EF00AADBF5 /* LabelButtonTableViewCell.swift in Sources */,
				5370E118290FDEFF00AADBF5 /* TextFieldButtonTableViewCell.swift in Sources */,
				534BC1D22909616700F22B43 /* RegistrationViewModel.swift in Sources */,
				534BC1B2290949B200F22B43 /* RegisterTableView.swift in Sources */,
				533268D4290ADC2D00BDDA52 /* DiffableViewDataSource.swift in Sources */,
				53ADC1C729129AF800627499 /* TextFieldHalfTableViewCell.swift in Sources */,
				5347EED02907E15F007A8AA1 /* AlefTestProblemTests.swift in Sources */,
				5347EF4529093F20007A8AA1 /* LabelTableViewCell.swift in Sources */,
				53F2F991290FF75F009F1122 /* ButtonTableViewCell.swift in Sources */,
				534BC1C1290950EA00F22B43 /* TextFieldTableViewCell.swift in Sources */,
			);
			runOnlyForDeploymentPostprocessing = 0;
		};
		5347EED22907E15F007A8AA1 /* Sources */ = {
			isa = PBXSourcesBuildPhase;
			buildActionMask = 2147483647;
			files = (
				53F2F986290FF32B009F1122 /* SeparatorTableViewCell.swift in Sources */,
				5370E10A290FD4EF00AADBF5 /* LabelButtonTableViewCell.swift in Sources */,
				5370E119290FDEFF00AADBF5 /* TextFieldButtonTableViewCell.swift in Sources */,
				534BC1D32909616700F22B43 /* RegistrationViewModel.swift in Sources */,
				534BC1B3290949B200F22B43 /* RegisterTableView.swift in Sources */,
				533268D5290ADC2D00BDDA52 /* DiffableViewDataSource.swift in Sources */,
				53ADC1C829129AF800627499 /* TextFieldHalfTableViewCell.swift in Sources */,
				5347EEDB2907E15F007A8AA1 /* AlefTestProblemUITests.swift in Sources */,
				5347EF4629093F20007A8AA1 /* LabelTableViewCell.swift in Sources */,
				53F2F992290FF75F009F1122 /* ButtonTableViewCell.swift in Sources */,
				534BC1C2290950EA00F22B43 /* TextFieldTableViewCell.swift in Sources */,
			);
			runOnlyForDeploymentPostprocessing = 0;
		};
/* End PBXSourcesBuildPhase section */

/* Begin PBXTargetDependency section */
		5347EECD2907E15F007A8AA1 /* PBXTargetDependency */ = {
			isa = PBXTargetDependency;
			target = 5347EEB12907E155007A8AA1 /* AlefTestProblem */;
			targetProxy = 5347EECC2907E15F007A8AA1 /* PBXContainerItemProxy */;
		};
		5347EED82907E15F007A8AA1 /* PBXTargetDependency */ = {
			isa = PBXTargetDependency;
			target = 5347EEB12907E155007A8AA1 /* AlefTestProblem */;
			targetProxy = 5347EED72907E15F007A8AA1 /* PBXContainerItemProxy */;
		};
/* End PBXTargetDependency section */

/* Begin PBXVariantGroup section */
		5347EEBB2907E155007A8AA1 /* Main.storyboard */ = {
			isa = PBXVariantGroup;
			children = (
				5347EEBC2907E155007A8AA1 /* Base */,
			);
			name = Main.storyboard;
			sourceTree = "<group>";
		};
		5347EEC32907E15E007A8AA1 /* LaunchScreen.storyboard */ = {
			isa = PBXVariantGroup;
			children = (
				5347EEC42907E15E007A8AA1 /* Base */,
			);
			name = LaunchScreen.storyboard;
			sourceTree = "<group>";
		};
/* End PBXVariantGroup section */

/* Begin XCBuildConfiguration section */
		5347EEDD2907E15F007A8AA1 /* Debug */ = {
			isa = XCBuildConfiguration;
			buildSettings = {
				ALWAYS_SEARCH_USER_PATHS = NO;
				CLANG_ANALYZER_NONNULL = YES;
				CLANG_ANALYZER_NUMBER_OBJECT_CONVERSION = YES_AGGRESSIVE;
				CLANG_CXX_LANGUAGE_STANDARD = "gnu++14";
				CLANG_CXX_LIBRARY = "libc++";
				CLANG_ENABLE_MODULES = YES;
				CLANG_ENABLE_OBJC_ARC = YES;
				CLANG_ENABLE_OBJC_WEAK = YES;
				CLANG_WARN_BLOCK_CAPTURE_AUTORELEASING = YES;
				CLANG_WARN_BOOL_CONVERSION = YES;
				CLANG_WARN_COMMA = YES;
				CLANG_WARN_CONSTANT_CONVERSION = YES;
				CLANG_WARN_DEPRECATED_OBJC_IMPLEMENTATIONS = YES;
				CLANG_WARN_DIRECT_OBJC_ISA_USAGE = YES_ERROR;
				CLANG_WARN_DOCUMENTATION_COMMENTS = YES;
				CLANG_WARN_EMPTY_BODY = YES;
				CLANG_WARN_ENUM_CONVERSION = YES;
				CLANG_WARN_INFINITE_RECURSION = YES;
				CLANG_WARN_INT_CONVERSION = YES;
				CLANG_WARN_NON_LITERAL_NULL_CONVERSION = YES;
				CLANG_WARN_OBJC_IMPLICIT_RETAIN_SELF = YES;
				CLANG_WARN_OBJC_LITERAL_CONVERSION = YES;
				CLANG_WARN_OBJC_ROOT_CLASS = YES_ERROR;
				CLANG_WARN_QUOTED_INCLUDE_IN_FRAMEWORK_HEADER = YES;
				CLANG_WARN_RANGE_LOOP_ANALYSIS = YES;
				CLANG_WARN_STRICT_PROTOTYPES = YES;
				CLANG_WARN_SUSPICIOUS_MOVE = YES;
				CLANG_WARN_UNGUARDED_AVAILABILITY = YES_AGGRESSIVE;
				CLANG_WARN_UNREACHABLE_CODE = YES;
				CLANG_WARN__DUPLICATE_METHOD_MATCH = YES;
				COPY_PHASE_STRIP = NO;
				DEBUG_INFORMATION_FORMAT = dwarf;
				ENABLE_STRICT_OBJC_MSGSEND = YES;
				ENABLE_TESTABILITY = YES;
				GCC_C_LANGUAGE_STANDARD = gnu11;
				GCC_DYNAMIC_NO_PIC = NO;
				GCC_NO_COMMON_BLOCKS = YES;
				GCC_OPTIMIZATION_LEVEL = 0;
				GCC_PREPROCESSOR_DEFINITIONS = (
					"DEBUG=1",
					"$(inherited)",
				);
				GCC_WARN_64_TO_32_BIT_CONVERSION = YES;
				GCC_WARN_ABOUT_RETURN_TYPE = YES_ERROR;
				GCC_WARN_UNDECLARED_SELECTOR = YES;
				GCC_WARN_UNINITIALIZED_AUTOS = YES_AGGRESSIVE;
				GCC_WARN_UNUSED_FUNCTION = YES;
				GCC_WARN_UNUSED_VARIABLE = YES;
				IPHONEOS_DEPLOYMENT_TARGET = 14.4;
				MTL_ENABLE_DEBUG_INFO = INCLUDE_SOURCE;
				MTL_FAST_MATH = YES;
				ONLY_ACTIVE_ARCH = YES;
				SDKROOT = iphoneos;
				SWIFT_ACTIVE_COMPILATION_CONDITIONS = DEBUG;
				SWIFT_OPTIMIZATION_LEVEL = "-Onone";
			};
			name = Debug;
		};
		5347EEDE2907E15F007A8AA1 /* Release */ = {
			isa = XCBuildConfiguration;
			buildSettings = {
				ALWAYS_SEARCH_USER_PATHS = NO;
				CLANG_ANALYZER_NONNULL = YES;
				CLANG_ANALYZER_NUMBER_OBJECT_CONVERSION = YES_AGGRESSIVE;
				CLANG_CXX_LANGUAGE_STANDARD = "gnu++14";
				CLANG_CXX_LIBRARY = "libc++";
				CLANG_ENABLE_MODULES = YES;
				CLANG_ENABLE_OBJC_ARC = YES;
				CLANG_ENABLE_OBJC_WEAK = YES;
				CLANG_WARN_BLOCK_CAPTURE_AUTORELEASING = YES;
				CLANG_WARN_BOOL_CONVERSION = YES;
				CLANG_WARN_COMMA = YES;
				CLANG_WARN_CONSTANT_CONVERSION = YES;
				CLANG_WARN_DEPRECATED_OBJC_IMPLEMENTATIONS = YES;
				CLANG_WARN_DIRECT_OBJC_ISA_USAGE = YES_ERROR;
				CLANG_WARN_DOCUMENTATION_COMMENTS = YES;
				CLANG_WARN_EMPTY_BODY = YES;
				CLANG_WARN_ENUM_CONVERSION = YES;
				CLANG_WARN_INFINITE_RECURSION = YES;
				CLANG_WARN_INT_CONVERSION = YES;
				CLANG_WARN_NON_LITERAL_NULL_CONVERSION = YES;
				CLANG_WARN_OBJC_IMPLICIT_RETAIN_SELF = YES;
				CLANG_WARN_OBJC_LITERAL_CONVERSION = YES;
				CLANG_WARN_OBJC_ROOT_CLASS = YES_ERROR;
				CLANG_WARN_QUOTED_INCLUDE_IN_FRAMEWORK_HEADER = YES;
				CLANG_WARN_RANGE_LOOP_ANALYSIS = YES;
				CLANG_WARN_STRICT_PROTOTYPES = YES;
				CLANG_WARN_SUSPICIOUS_MOVE = YES;
				CLANG_WARN_UNGUARDED_AVAILABILITY = YES_AGGRESSIVE;
				CLANG_WARN_UNREACHABLE_CODE = YES;
				CLANG_WARN__DUPLICATE_METHOD_MATCH = YES;
				COPY_PHASE_STRIP = NO;
				DEBUG_INFORMATION_FORMAT = "dwarf-with-dsym";
				ENABLE_NS_ASSERTIONS = NO;
				ENABLE_STRICT_OBJC_MSGSEND = YES;
				GCC_C_LANGUAGE_STANDARD = gnu11;
				GCC_NO_COMMON_BLOCKS = YES;
				GCC_WARN_64_TO_32_BIT_CONVERSION = YES;
				GCC_WARN_ABOUT_RETURN_TYPE = YES_ERROR;
				GCC_WARN_UNDECLARED_SELECTOR = YES;
				GCC_WARN_UNINITIALIZED_AUTOS = YES_AGGRESSIVE;
				GCC_WARN_UNUSED_FUNCTION = YES;
				GCC_WARN_UNUSED_VARIABLE = YES;
				IPHONEOS_DEPLOYMENT_TARGET = 14.4;
				MTL_ENABLE_DEBUG_INFO = NO;
				MTL_FAST_MATH = YES;
				SDKROOT = iphoneos;
				SWIFT_COMPILATION_MODE = wholemodule;
				SWIFT_OPTIMIZATION_LEVEL = "-O";
				VALIDATE_PRODUCT = YES;
			};
			name = Release;
		};
		5347EEE02907E15F007A8AA1 /* Debug */ = {
			isa = XCBuildConfiguration;
			buildSettings = {
				ASSETCATALOG_COMPILER_APPICON_NAME = AppIcon;
				ASSETCATALOG_COMPILER_GLOBAL_ACCENT_COLOR_NAME = AccentColor;
				CODE_SIGN_STYLE = Automatic;
				DEVELOPMENT_TEAM = HKZ6SL8ND7;
				INFOPLIST_FILE = AlefTestProblem/Resources/Info.plist;
				LD_RUNPATH_SEARCH_PATHS = (
					"$(inherited)",
					"@executable_path/Frameworks",
				);
				PRODUCT_BUNDLE_IDENTIFIER = yourself.AlefTestProblem;
				PRODUCT_NAME = "$(TARGET_NAME)";
				SWIFT_VERSION = 5.0;
				TARGETED_DEVICE_FAMILY = "1,2";
			};
			name = Debug;
		};
		5347EEE12907E15F007A8AA1 /* Release */ = {
			isa = XCBuildConfiguration;
			buildSettings = {
				ASSETCATALOG_COMPILER_APPICON_NAME = AppIcon;
				ASSETCATALOG_COMPILER_GLOBAL_ACCENT_COLOR_NAME = AccentColor;
				CODE_SIGN_STYLE = Automatic;
				DEVELOPMENT_TEAM = HKZ6SL8ND7;
				INFOPLIST_FILE = AlefTestProblem/Resources/Info.plist;
				LD_RUNPATH_SEARCH_PATHS = (
					"$(inherited)",
					"@executable_path/Frameworks",
				);
				PRODUCT_BUNDLE_IDENTIFIER = yourself.AlefTestProblem;
				PRODUCT_NAME = "$(TARGET_NAME)";
				SWIFT_VERSION = 5.0;
				TARGETED_DEVICE_FAMILY = "1,2";
			};
			name = Release;
		};
		5347EEE32907E15F007A8AA1 /* Debug */ = {
			isa = XCBuildConfiguration;
			buildSettings = {
				ALWAYS_EMBED_SWIFT_STANDARD_LIBRARIES = YES;
				BUNDLE_LOADER = "$(TEST_HOST)";
				CODE_SIGN_STYLE = Automatic;
				DEVELOPMENT_TEAM = HKZ6SL8ND7;
				INFOPLIST_FILE = AlefTestProblemTests/Info.plist;
				IPHONEOS_DEPLOYMENT_TARGET = 14.4;
				LD_RUNPATH_SEARCH_PATHS = (
					"$(inherited)",
					"@executable_path/Frameworks",
					"@loader_path/Frameworks",
				);
				PRODUCT_BUNDLE_IDENTIFIER = yourself.AlefTestProblemTests;
				PRODUCT_NAME = "$(TARGET_NAME)";
				SWIFT_VERSION = 5.0;
				TARGETED_DEVICE_FAMILY = "1,2";
				TEST_HOST = "$(BUILT_PRODUCTS_DIR)/AlefTestProblem.app/AlefTestProblem";
			};
			name = Debug;
		};
		5347EEE42907E15F007A8AA1 /* Release */ = {
			isa = XCBuildConfiguration;
			buildSettings = {
				ALWAYS_EMBED_SWIFT_STANDARD_LIBRARIES = YES;
				BUNDLE_LOADER = "$(TEST_HOST)";
				CODE_SIGN_STYLE = Automatic;
				DEVELOPMENT_TEAM = HKZ6SL8ND7;
				INFOPLIST_FILE = AlefTestProblemTests/Info.plist;
				IPHONEOS_DEPLOYMENT_TARGET = 14.4;
				LD_RUNPATH_SEARCH_PATHS = (
					"$(inherited)",
					"@executable_path/Frameworks",
					"@loader_path/Frameworks",
				);
				PRODUCT_BUNDLE_IDENTIFIER = yourself.AlefTestProblemTests;
				PRODUCT_NAME = "$(TARGET_NAME)";
				SWIFT_VERSION = 5.0;
				TARGETED_DEVICE_FAMILY = "1,2";
				TEST_HOST = "$(BUILT_PRODUCTS_DIR)/AlefTestProblem.app/AlefTestProblem";
			};
			name = Release;
		};
		5347EEE62907E15F007A8AA1 /* Debug */ = {
			isa = XCBuildConfiguration;
			buildSettings = {
				ALWAYS_EMBED_SWIFT_STANDARD_LIBRARIES = YES;
				CODE_SIGN_STYLE = Automatic;
				DEVELOPMENT_TEAM = HKZ6SL8ND7;
				INFOPLIST_FILE = AlefTestProblemUITests/Info.plist;
				LD_RUNPATH_SEARCH_PATHS = (
					"$(inherited)",
					"@executable_path/Frameworks",
					"@loader_path/Frameworks",
				);
				PRODUCT_BUNDLE_IDENTIFIER = yourself.AlefTestProblemUITests;
				PRODUCT_NAME = "$(TARGET_NAME)";
				SWIFT_VERSION = 5.0;
				TARGETED_DEVICE_FAMILY = "1,2";
				TEST_TARGET_NAME = AlefTestProblem;
			};
			name = Debug;
		};
		5347EEE72907E15F007A8AA1 /* Release */ = {
			isa = XCBuildConfiguration;
			buildSettings = {
				ALWAYS_EMBED_SWIFT_STANDARD_LIBRARIES = YES;
				CODE_SIGN_STYLE = Automatic;
				DEVELOPMENT_TEAM = HKZ6SL8ND7;
				INFOPLIST_FILE = AlefTestProblemUITests/Info.plist;
				LD_RUNPATH_SEARCH_PATHS = (
					"$(inherited)",
					"@executable_path/Frameworks",
					"@loader_path/Frameworks",
				);
				PRODUCT_BUNDLE_IDENTIFIER = yourself.AlefTestProblemUITests;
				PRODUCT_NAME = "$(TARGET_NAME)";
				SWIFT_VERSION = 5.0;
				TARGETED_DEVICE_FAMILY = "1,2";
				TEST_TARGET_NAME = AlefTestProblem;
			};
			name = Release;
		};
/* End XCBuildConfiguration section */

/* Begin XCConfigurationList section */
		5347EEAD2907E155007A8AA1 /* Build configuration list for PBXProject "AlefTestProblem" */ = {
			isa = XCConfigurationList;
			buildConfigurations = (
				5347EEDD2907E15F007A8AA1 /* Debug */,
				5347EEDE2907E15F007A8AA1 /* Release */,
			);
			defaultConfigurationIsVisible = 0;
			defaultConfigurationName = Release;
		};
		5347EEDF2907E15F007A8AA1 /* Build configuration list for PBXNativeTarget "AlefTestProblem" */ = {
			isa = XCConfigurationList;
			buildConfigurations = (
				5347EEE02907E15F007A8AA1 /* Debug */,
				5347EEE12907E15F007A8AA1 /* Release */,
			);
			defaultConfigurationIsVisible = 0;
			defaultConfigurationName = Release;
		};
		5347EEE22907E15F007A8AA1 /* Build configuration list for PBXNativeTarget "AlefTestProblemTests" */ = {
			isa = XCConfigurationList;
			buildConfigurations = (
				5347EEE32907E15F007A8AA1 /* Debug */,
				5347EEE42907E15F007A8AA1 /* Release */,
			);
			defaultConfigurationIsVisible = 0;
			defaultConfigurationName = Release;
		};
		5347EEE52907E15F007A8AA1 /* Build configuration list for PBXNativeTarget "AlefTestProblemUITests" */ = {
			isa = XCConfigurationList;
			buildConfigurations = (
				5347EEE62907E15F007A8AA1 /* Debug */,
				5347EEE72907E15F007A8AA1 /* Release */,
			);
			defaultConfigurationIsVisible = 0;
			defaultConfigurationName = Release;
		};
/* End XCConfigurationList section */

/* Begin XCVersionGroup section */
		5347EEBE2907E155007A8AA1 /* AlefTestProblem.xcdatamodeld */ = {
			isa = XCVersionGroup;
			children = (
				5347EEBF2907E155007A8AA1 /* AlefTestProblem.xcdatamodel */,
			);
			currentVersion = 5347EEBF2907E155007A8AA1 /* AlefTestProblem.xcdatamodel */;
			path = AlefTestProblem.xcdatamodeld;
			sourceTree = "<group>";
			versionGroupType = wrapper.xcdatamodel;
		};
/* End XCVersionGroup section */
	};
	rootObject = 5347EEAA2907E155007A8AA1 /* Project object */;
}
